// !$*UTF8*$!
{
	archiveVersion = 1;
	classes = {
	};
	objectVersion = 48;
	objects = {

/* Begin PBXBuildFile section */
		F50A59AB1FD5DCDF00524EA1 /* AppetizersDrawing.png in Resources */ = {isa = PBXBuildFile; fileRef = F50A59AA1FD5DCDE00524EA1 /* AppetizersDrawing.png */; };
		F50A59AD1FD5DCE400524EA1 /* SaladsDrawing.png in Resources */ = {isa = PBXBuildFile; fileRef = F50A59AC1FD5DCE400524EA1 /* SaladsDrawing.png */; };
		F50A59AF1FD5DCEC00524EA1 /* F&SDrawing.png in Resources */ = {isa = PBXBuildFile; fileRef = F50A59AE1FD5DCEC00524EA1 /* F&SDrawing.png */; };
		F50A59B11FD5DCF200524EA1 /* DessertsDrawing.png in Resources */ = {isa = PBXBuildFile; fileRef = F50A59B01FD5DCF200524EA1 /* DessertsDrawing.png */; };
		F50A59B31FD5DCFC00524EA1 /* DrinksDrawing.png in Resources */ = {isa = PBXBuildFile; fileRef = F50A59B21FD5DCFC00524EA1 /* DrinksDrawing.png */; };
		F50A59B51FD5E77100524EA1 /* MenuPicture.png in Resources */ = {isa = PBXBuildFile; fileRef = F50A59B41FD5E77100524EA1 /* MenuPicture.png */; };
		F50A59B81FD5E78E00524EA1 /* MenuTableHeaderView.m in Sources */ = {isa = PBXBuildFile; fileRef = F50A59B71FD5E78E00524EA1 /* MenuTableHeaderView.m */; };
		F52B89221FC98DC0009D470E /* AppDelegate.m in Sources */ = {isa = PBXBuildFile; fileRef = F52B89211FC98DC0009D470E /* AppDelegate.m */; };
		F52B89281FC98DC0009D470E /* SplitViewController.m in Sources */ = {isa = PBXBuildFile; fileRef = F52B89271FC98DC0009D470E /* SplitViewController.m */; };
		F52B892B1FC98DC0009D470E /* Main.storyboard in Resources */ = {isa = PBXBuildFile; fileRef = F52B89291FC98DC0009D470E /* Main.storyboard */; };
		F52B892D1FC98DC0009D470E /* Assets.xcassets in Resources */ = {isa = PBXBuildFile; fileRef = F52B892C1FC98DC0009D470E /* Assets.xcassets */; };
		F52B89301FC98DC0009D470E /* LaunchScreen.storyboard in Resources */ = {isa = PBXBuildFile; fileRef = F52B892E1FC98DC0009D470E /* LaunchScreen.storyboard */; };
		F52B89331FC98DC0009D470E /* main.m in Sources */ = {isa = PBXBuildFile; fileRef = F52B89321FC98DC0009D470E /* main.m */; };
		F52B893D1FC98DC0009D470E /* Split_ApplicationTests.m in Sources */ = {isa = PBXBuildFile; fileRef = F52B893C1FC98DC0009D470E /* Split_ApplicationTests.m */; };
		F52B89481FC98DC0009D470E /* Split_ApplicationUITests.m in Sources */ = {isa = PBXBuildFile; fileRef = F52B89471FC98DC0009D470E /* Split_ApplicationUITests.m */; };
		F52B895D1FC99944009D470E /* BillsViewController.m in Sources */ = {isa = PBXBuildFile; fileRef = F52B895C1FC99944009D470E /* BillsViewController.m */; };
		F52B89601FC99985009D470E /* ContactUsViewController.m in Sources */ = {isa = PBXBuildFile; fileRef = F52B895F1FC99985009D470E /* ContactUsViewController.m */; };
		F57CA9721FD57D3100FA45F7 /* BurgersDrawing.png in Resources */ = {isa = PBXBuildFile; fileRef = F57CA9711FD57D3100FA45F7 /* BurgersDrawing.png */; };
		F5C61FBE1FCF494300604CDA /* MenuTableViewController.m in Sources */ = {isa = PBXBuildFile; fileRef = F5C61FBD1FCF494300604CDA /* MenuTableViewController.m */; };
		F5C61FC11FCF494300604CDA /* Menu_Element.m in Sources */ = {isa = PBXBuildFile; fileRef = F5C61FC01FCF494300604CDA /* Menu_Element.m */; };
		F5C61FC41FCF494300604CDA /* MElementDataModel.m in Sources */ = {isa = PBXBuildFile; fileRef = F5C61FC31FCF494300604CDA /* MElementDataModel.m */; };
		F5C61FCC1FCF6EED00604CDA /* ViewControllerMenu.m in Sources */ = {isa = PBXBuildFile; fileRef = F5C61FCB1FCF6EED00604CDA /* ViewControllerMenu.m */; };
		F5C6DEC11FCD4A9700B5DAAE /* LoginViewController.m in Sources */ = {isa = PBXBuildFile; fileRef = F5C6DEBF1FCD4A8C00B5DAAE /* LoginViewController.m */; };
		F5DD969B1FD493B2006EAED0 /* Split logo.png in Resources */ = {isa = PBXBuildFile; fileRef = F5DD969A1FD493B2006EAED0 /* Split logo.png */; };
/* End PBXBuildFile section */

/* Begin PBXContainerItemProxy section */
		F52B89391FC98DC0009D470E /* PBXContainerItemProxy */ = {
			isa = PBXContainerItemProxy;
			containerPortal = F52B89151FC98DBF009D470E /* Project object */;
			proxyType = 1;
			remoteGlobalIDString = F52B891C1FC98DC0009D470E;
			remoteInfo = Split_Application;
		};
		F52B89441FC98DC0009D470E /* PBXContainerItemProxy */ = {
			isa = PBXContainerItemProxy;
			containerPortal = F52B89151FC98DBF009D470E /* Project object */;
			proxyType = 1;
			remoteGlobalIDString = F52B891C1FC98DC0009D470E;
			remoteInfo = Split_Application;
		};
/* End PBXContainerItemProxy section */

/* Begin PBXFileReference section */
		F50A59AA1FD5DCDE00524EA1 /* AppetizersDrawing.png */ = {isa = PBXFileReference; lastKnownFileType = image.png; path = AppetizersDrawing.png; sourceTree = "<group>"; };
		F50A59AC1FD5DCE400524EA1 /* SaladsDrawing.png */ = {isa = PBXFileReference; lastKnownFileType = image.png; path = SaladsDrawing.png; sourceTree = "<group>"; };
		F50A59AE1FD5DCEC00524EA1 /* F&SDrawing.png */ = {isa = PBXFileReference; lastKnownFileType = image.png; path = "F&SDrawing.png"; sourceTree = "<group>"; };
		F50A59B01FD5DCF200524EA1 /* DessertsDrawing.png */ = {isa = PBXFileReference; lastKnownFileType = image.png; path = DessertsDrawing.png; sourceTree = "<group>"; };
		F50A59B21FD5DCFC00524EA1 /* DrinksDrawing.png */ = {isa = PBXFileReference; lastKnownFileType = image.png; path = DrinksDrawing.png; sourceTree = "<group>"; };
		F50A59B41FD5E77100524EA1 /* MenuPicture.png */ = {isa = PBXFileReference; lastKnownFileType = image.png; name = MenuPicture.png; path = ../../MenuPicture.png; sourceTree = "<group>"; };
		F50A59B61FD5E78E00524EA1 /* MenuTableHeaderView.h */ = {isa = PBXFileReference; lastKnownFileType = sourcecode.c.h; path = MenuTableHeaderView.h; sourceTree = "<group>"; };
		F50A59B71FD5E78E00524EA1 /* MenuTableHeaderView.m */ = {isa = PBXFileReference; lastKnownFileType = sourcecode.c.objc; path = MenuTableHeaderView.m; sourceTree = "<group>"; };
		F52B891D1FC98DC0009D470E /* Split_Application.app */ = {isa = PBXFileReference; explicitFileType = wrapper.application; includeInIndex = 0; path = Split_Application.app; sourceTree = BUILT_PRODUCTS_DIR; };
		F52B89201FC98DC0009D470E /* AppDelegate.h */ = {isa = PBXFileReference; lastKnownFileType = sourcecode.c.h; path = AppDelegate.h; sourceTree = "<group>"; };
		F52B89211FC98DC0009D470E /* AppDelegate.m */ = {isa = PBXFileReference; lastKnownFileType = sourcecode.c.objc; path = AppDelegate.m; sourceTree = "<group>"; };
		F52B89261FC98DC0009D470E /* SplitViewController.h */ = {isa = PBXFileReference; lastKnownFileType = sourcecode.c.h; path = SplitViewController.h; sourceTree = "<group>"; };
		F52B89271FC98DC0009D470E /* SplitViewController.m */ = {isa = PBXFileReference; lastKnownFileType = sourcecode.c.objc; path = SplitViewController.m; sourceTree = "<group>"; };
		F52B892A1FC98DC0009D470E /* Base */ = {isa = PBXFileReference; lastKnownFileType = file.storyboard; name = Base; path = Base.lproj/Main.storyboard; sourceTree = "<group>"; };
		F52B892C1FC98DC0009D470E /* Assets.xcassets */ = {isa = PBXFileReference; lastKnownFileType = folder.assetcatalog; path = Assets.xcassets; sourceTree = "<group>"; };
		F52B892F1FC98DC0009D470E /* Base */ = {isa = PBXFileReference; lastKnownFileType = file.storyboard; name = Base; path = Base.lproj/LaunchScreen.storyboard; sourceTree = "<group>"; };
		F52B89311FC98DC0009D470E /* Info.plist */ = {isa = PBXFileReference; lastKnownFileType = text.plist.xml; path = Info.plist; sourceTree = "<group>"; };
		F52B89321FC98DC0009D470E /* main.m */ = {isa = PBXFileReference; lastKnownFileType = sourcecode.c.objc; path = main.m; sourceTree = "<group>"; };
		F52B89381FC98DC0009D470E /* Split_ApplicationTests.xctest */ = {isa = PBXFileReference; explicitFileType = wrapper.cfbundle; includeInIndex = 0; path = Split_ApplicationTests.xctest; sourceTree = BUILT_PRODUCTS_DIR; };
		F52B893C1FC98DC0009D470E /* Split_ApplicationTests.m */ = {isa = PBXFileReference; lastKnownFileType = sourcecode.c.objc; path = Split_ApplicationTests.m; sourceTree = "<group>"; };
		F52B893E1FC98DC0009D470E /* Info.plist */ = {isa = PBXFileReference; lastKnownFileType = text.plist.xml; path = Info.plist; sourceTree = "<group>"; };
		F52B89431FC98DC0009D470E /* Split_ApplicationUITests.xctest */ = {isa = PBXFileReference; explicitFileType = wrapper.cfbundle; includeInIndex = 0; path = Split_ApplicationUITests.xctest; sourceTree = BUILT_PRODUCTS_DIR; };
		F52B89471FC98DC0009D470E /* Split_ApplicationUITests.m */ = {isa = PBXFileReference; lastKnownFileType = sourcecode.c.objc; path = Split_ApplicationUITests.m; sourceTree = "<group>"; };
		F52B89491FC98DC0009D470E /* Info.plist */ = {isa = PBXFileReference; lastKnownFileType = text.plist.xml; path = Info.plist; sourceTree = "<group>"; };
		F52B895B1FC99944009D470E /* BillsViewController.h */ = {isa = PBXFileReference; lastKnownFileType = sourcecode.c.h; path = BillsViewController.h; sourceTree = "<group>"; };
		F52B895C1FC99944009D470E /* BillsViewController.m */ = {isa = PBXFileReference; lastKnownFileType = sourcecode.c.objc; path = BillsViewController.m; sourceTree = "<group>"; };
		F52B895E1FC99985009D470E /* ContactUsViewController.h */ = {isa = PBXFileReference; lastKnownFileType = sourcecode.c.h; path = ContactUsViewController.h; sourceTree = "<group>"; };
		F52B895F1FC99985009D470E /* ContactUsViewController.m */ = {isa = PBXFileReference; lastKnownFileType = sourcecode.c.objc; path = ContactUsViewController.m; sourceTree = "<group>"; };
		F57CA9711FD57D3100FA45F7 /* BurgersDrawing.png */ = {isa = PBXFileReference; lastKnownFileType = image.png; path = BurgersDrawing.png; sourceTree = "<group>"; };
		F5C61FBC1FCF494300604CDA /* MenuTableViewController.h */ = {isa = PBXFileReference; lastKnownFileType = sourcecode.c.h; path = MenuTableViewController.h; sourceTree = "<group>"; };
		F5C61FBD1FCF494300604CDA /* MenuTableViewController.m */ = {isa = PBXFileReference; lastKnownFileType = sourcecode.c.objc; path = MenuTableViewController.m; sourceTree = "<group>"; };
		F5C61FBF1FCF494300604CDA /* Menu_Element.h */ = {isa = PBXFileReference; lastKnownFileType = sourcecode.c.h; path = Menu_Element.h; sourceTree = "<group>"; };
		F5C61FC01FCF494300604CDA /* Menu_Element.m */ = {isa = PBXFileReference; lastKnownFileType = sourcecode.c.objc; path = Menu_Element.m; sourceTree = "<group>"; };
		F5C61FC21FCF494300604CDA /* MElementDataModel.h */ = {isa = PBXFileReference; lastKnownFileType = sourcecode.c.h; path = MElementDataModel.h; sourceTree = "<group>"; };
		F5C61FC31FCF494300604CDA /* MElementDataModel.m */ = {isa = PBXFileReference; lastKnownFileType = sourcecode.c.objc; path = MElementDataModel.m; sourceTree = "<group>"; };
		F5C61FCA1FCF6EED00604CDA /* ViewControllerMenu.h */ = {isa = PBXFileReference; lastKnownFileType = sourcecode.c.h; path = ViewControllerMenu.h; sourceTree = "<group>"; };
		F5C61FCB1FCF6EED00604CDA /* ViewControllerMenu.m */ = {isa = PBXFileReference; lastKnownFileType = sourcecode.c.objc; path = ViewControllerMenu.m; sourceTree = "<group>"; };
		F5C6DEBE1FCD4A8C00B5DAAE /* LoginViewController.h */ = {isa = PBXFileReference; lastKnownFileType = sourcecode.c.h; path = LoginViewController.h; sourceTree = "<group>"; };
		F5C6DEBF1FCD4A8C00B5DAAE /* LoginViewController.m */ = {isa = PBXFileReference; lastKnownFileType = sourcecode.c.objc; path = LoginViewController.m; sourceTree = "<group>"; };
		F5DD969A1FD493B2006EAED0 /* Split logo.png */ = {isa = PBXFileReference; lastKnownFileType = image.png; name = "Split logo.png"; path = "../../Split logo.png"; sourceTree = "<group>"; };
/* End PBXFileReference section */

/* Begin PBXFrameworksBuildPhase section */
		F52B891A1FC98DC0009D470E /* Frameworks */ = {
			isa = PBXFrameworksBuildPhase;
			buildActionMask = 2147483647;
			files = (
			);
			runOnlyForDeploymentPostprocessing = 0;
		};
		F52B89351FC98DC0009D470E /* Frameworks */ = {
			isa = PBXFrameworksBuildPhase;
			buildActionMask = 2147483647;
			files = (
			);
			runOnlyForDeploymentPostprocessing = 0;
		};
		F52B89401FC98DC0009D470E /* Frameworks */ = {
			isa = PBXFrameworksBuildPhase;
			buildActionMask = 2147483647;
			files = (
			);
			runOnlyForDeploymentPostprocessing = 0;
		};
/* End PBXFrameworksBuildPhase section */

/* Begin PBXGroup section */
		F52B89141FC98DBF009D470E = {
			isa = PBXGroup;
			children = (
				F52B891F1FC98DC0009D470E /* Split_Application */,
				F52B893B1FC98DC0009D470E /* Split_ApplicationTests */,
				F52B89461FC98DC0009D470E /* Split_ApplicationUITests */,
				F52B891E1FC98DC0009D470E /* Products */,
			);
			sourceTree = "<group>";
		};
		F52B891E1FC98DC0009D470E /* Products */ = {
			isa = PBXGroup;
			children = (
				F52B891D1FC98DC0009D470E /* Split_Application.app */,
				F52B89381FC98DC0009D470E /* Split_ApplicationTests.xctest */,
				F52B89431FC98DC0009D470E /* Split_ApplicationUITests.xctest */,
			);
			name = Products;
			sourceTree = "<group>";
		};
		F52B891F1FC98DC0009D470E /* Split_Application */ = {
			isa = PBXGroup;
			children = (
				F52B89201FC98DC0009D470E /* AppDelegate.h */,
				F52B89211FC98DC0009D470E /* AppDelegate.m */,
				F5C6DEBE1FCD4A8C00B5DAAE /* LoginViewController.h */,
				F5C6DEBF1FCD4A8C00B5DAAE /* LoginViewController.m */,
				F52B89291FC98DC0009D470E /* Main.storyboard */,
				F5C61FBF1FCF494300604CDA /* Menu_Element.h */,
				F5C61FC01FCF494300604CDA /* Menu_Element.m */,
				F5C61FC21FCF494300604CDA /* MElementDataModel.h */,
				F5C61FC31FCF494300604CDA /* MElementDataModel.m */,
				F5C61FBC1FCF494300604CDA /* MenuTableViewController.h */,
				F5C61FBD1FCF494300604CDA /* MenuTableViewController.m */,
				F5C61FCA1FCF6EED00604CDA /* ViewControllerMenu.h */,
				F5C61FCB1FCF6EED00604CDA /* ViewControllerMenu.m */,
				F50A59B61FD5E78E00524EA1 /* MenuTableHeaderView.h */,
				F50A59B71FD5E78E00524EA1 /* MenuTableHeaderView.m */,
				F50A59B41FD5E77100524EA1 /* MenuPicture.png */,
				F50A59AA1FD5DCDE00524EA1 /* AppetizersDrawing.png */,
				F50A59AC1FD5DCE400524EA1 /* SaladsDrawing.png */,
				F57CA9711FD57D3100FA45F7 /* BurgersDrawing.png */,
				F50A59AE1FD5DCEC00524EA1 /* F&SDrawing.png */,
				F50A59B01FD5DCF200524EA1 /* DessertsDrawing.png */,
				F50A59B21FD5DCFC00524EA1 /* DrinksDrawing.png */,
				F52B89261FC98DC0009D470E /* SplitViewController.h */,
				F52B89271FC98DC0009D470E /* SplitViewController.m */,
				F5DD969A1FD493B2006EAED0 /* Split logo.png */,
				F52B895B1FC99944009D470E /* BillsViewController.h */,
				F52B895C1FC99944009D470E /* BillsViewController.m */,
				F52B895E1FC99985009D470E /* ContactUsViewController.h */,
				F52B895F1FC99985009D470E /* ContactUsViewController.m */,
				F52B892C1FC98DC0009D470E /* Assets.xcassets */,
				F52B892E1FC98DC0009D470E /* LaunchScreen.storyboard */,
				F52B89311FC98DC0009D470E /* Info.plist */,
				F52B89321FC98DC0009D470E /* main.m */,
			);
			path = Split_Application;
			sourceTree = "<group>";
		};
		F52B893B1FC98DC0009D470E /* Split_ApplicationTests */ = {
			isa = PBXGroup;
			children = (
				F52B893C1FC98DC0009D470E /* Split_ApplicationTests.m */,
				F52B893E1FC98DC0009D470E /* Info.plist */,
			);
			path = Split_ApplicationTests;
			sourceTree = "<group>";
		};
		F52B89461FC98DC0009D470E /* Split_ApplicationUITests */ = {
			isa = PBXGroup;
			children = (
				F52B89471FC98DC0009D470E /* Split_ApplicationUITests.m */,
				F52B89491FC98DC0009D470E /* Info.plist */,
			);
			path = Split_ApplicationUITests;
			sourceTree = "<group>";
		};
/* End PBXGroup section */

/* Begin PBXNativeTarget section */
		F52B891C1FC98DC0009D470E /* Split_Application */ = {
			isa = PBXNativeTarget;
			buildConfigurationList = F52B894C1FC98DC0009D470E /* Build configuration list for PBXNativeTarget "Split_Application" */;
			buildPhases = (
				F52B89191FC98DC0009D470E /* Sources */,
				F52B891A1FC98DC0009D470E /* Frameworks */,
				F52B891B1FC98DC0009D470E /* Resources */,
			);
			buildRules = (
			);
			dependencies = (
			);
			name = Split_Application;
			productName = Split_Application;
			productReference = F52B891D1FC98DC0009D470E /* Split_Application.app */;
			productType = "com.apple.product-type.application";
		};
		F52B89371FC98DC0009D470E /* Split_ApplicationTests */ = {
			isa = PBXNativeTarget;
			buildConfigurationList = F52B894F1FC98DC0009D470E /* Build configuration list for PBXNativeTarget "Split_ApplicationTests" */;
			buildPhases = (
				F52B89341FC98DC0009D470E /* Sources */,
				F52B89351FC98DC0009D470E /* Frameworks */,
				F52B89361FC98DC0009D470E /* Resources */,
			);
			buildRules = (
			);
			dependencies = (
				F52B893A1FC98DC0009D470E /* PBXTargetDependency */,
			);
			name = Split_ApplicationTests;
			productName = Split_ApplicationTests;
			productReference = F52B89381FC98DC0009D470E /* Split_ApplicationTests.xctest */;
			productType = "com.apple.product-type.bundle.unit-test";
		};
		F52B89421FC98DC0009D470E /* Split_ApplicationUITests */ = {
			isa = PBXNativeTarget;
			buildConfigurationList = F52B89521FC98DC0009D470E /* Build configuration list for PBXNativeTarget "Split_ApplicationUITests" */;
			buildPhases = (
				F52B893F1FC98DC0009D470E /* Sources */,
				F52B89401FC98DC0009D470E /* Frameworks */,
				F52B89411FC98DC0009D470E /* Resources */,
			);
			buildRules = (
			);
			dependencies = (
				F52B89451FC98DC0009D470E /* PBXTargetDependency */,
			);
			name = Split_ApplicationUITests;
			productName = Split_ApplicationUITests;
			productReference = F52B89431FC98DC0009D470E /* Split_ApplicationUITests.xctest */;
			productType = "com.apple.product-type.bundle.ui-testing";
		};
/* End PBXNativeTarget section */

/* Begin PBXProject section */
		F52B89151FC98DBF009D470E /* Project object */ = {
			isa = PBXProject;
			attributes = {
				LastUpgradeCheck = 0910;
				ORGANIZATIONNAME = "University of Leeds";
				TargetAttributes = {
					F52B891C1FC98DC0009D470E = {
						CreatedOnToolsVersion = 9.1;
						ProvisioningStyle = Automatic;
					};
					F52B89371FC98DC0009D470E = {
						CreatedOnToolsVersion = 9.1;
						ProvisioningStyle = Automatic;
						TestTargetID = F52B891C1FC98DC0009D470E;
					};
					F52B89421FC98DC0009D470E = {
						CreatedOnToolsVersion = 9.1;
						ProvisioningStyle = Automatic;
						TestTargetID = F52B891C1FC98DC0009D470E;
					};
				};
			};
			buildConfigurationList = F52B89181FC98DBF009D470E /* Build configuration list for PBXProject "Split_Application" */;
			compatibilityVersion = "Xcode 8.0";
			developmentRegion = en;
			hasScannedForEncodings = 0;
			knownRegions = (
				en,
				Base,
			);
			mainGroup = F52B89141FC98DBF009D470E;
			productRefGroup = F52B891E1FC98DC0009D470E /* Products */;
			projectDirPath = "";
			projectRoot = "";
			targets = (
				F52B891C1FC98DC0009D470E /* Split_Application */,
				F52B89371FC98DC0009D470E /* Split_ApplicationTests */,
				F52B89421FC98DC0009D470E /* Split_ApplicationUITests */,
			);
		};
/* End PBXProject section */

/* Begin PBXResourcesBuildPhase section */
		F52B891B1FC98DC0009D470E /* Resources */ = {
			isa = PBXResourcesBuildPhase;
			buildActionMask = 2147483647;
			files = (
				F50A59B51FD5E77100524EA1 /* MenuPicture.png in Resources */,
				F57CA9721FD57D3100FA45F7 /* BurgersDrawing.png in Resources */,
				F50A59B31FD5DCFC00524EA1 /* DrinksDrawing.png in Resources */,
				F52B89301FC98DC0009D470E /* LaunchScreen.storyboard in Resources */,
				F52B892D1FC98DC0009D470E /* Assets.xcassets in Resources */,
				F50A59AD1FD5DCE400524EA1 /* SaladsDrawing.png in Resources */,
				F50A59B11FD5DCF200524EA1 /* DessertsDrawing.png in Resources */,
				F50A59AF1FD5DCEC00524EA1 /* F&SDrawing.png in Resources */,
				F50A59AB1FD5DCDF00524EA1 /* AppetizersDrawing.png in Resources */,
				F5DD969B1FD493B2006EAED0 /* Split logo.png in Resources */,
				F52B892B1FC98DC0009D470E /* Main.storyboard in Resources */,
			);
			runOnlyForDeploymentPostprocessing = 0;
		};
		F52B89361FC98DC0009D470E /* Resources */ = {
			isa = PBXResourcesBuildPhase;
			buildActionMask = 2147483647;
			files = (
			);
			runOnlyForDeploymentPostprocessing = 0;
		};
		F52B89411FC98DC0009D470E /* Resources */ = {
			isa = PBXResourcesBuildPhase;
			buildActionMask = 2147483647;
			files = (
			);
			runOnlyForDeploymentPostprocessing = 0;
		};
/* End PBXResourcesBuildPhase section */

/* Begin PBXSourcesBuildPhase section */
		F52B89191FC98DC0009D470E /* Sources */ = {
			isa = PBXSourcesBuildPhase;
			buildActionMask = 2147483647;
			files = (
				F52B895D1FC99944009D470E /* BillsViewController.m in Sources */,
				F52B89281FC98DC0009D470E /* SplitViewController.m in Sources */,
				F52B89221FC98DC0009D470E /* AppDelegate.m in Sources */,
				F5C6DEC11FCD4A9700B5DAAE /* LoginViewController.m in Sources */,
				F52B89601FC99985009D470E /* ContactUsViewController.m in Sources */,
				F5C61FBE1FCF494300604CDA /* MenuTableViewController.m in Sources */,
				F52B89331FC98DC0009D470E /* main.m in Sources */,
				F5C61FC11FCF494300604CDA /* Menu_Element.m in Sources */,
				F50A59B81FD5E78E00524EA1 /* MenuTableHeaderView.m in Sources */,
				F5C61FC41FCF494300604CDA /* MElementDataModel.m in Sources */,
				F5C61FCC1FCF6EED00604CDA /* ViewControllerMenu.m in Sources */,
			);
			runOnlyForDeploymentPostprocessing = 0;
		};
		F52B89341FC98DC0009D470E /* Sources */ = {
			isa = PBXSourcesBuildPhase;
			buildActionMask = 2147483647;
			files = (
				F52B893D1FC98DC0009D470E /* Split_ApplicationTests.m in Sources */,
			);
			runOnlyForDeploymentPostprocessing = 0;
		};
		F52B893F1FC98DC0009D470E /* Sources */ = {
			isa = PBXSourcesBuildPhase;
			buildActionMask = 2147483647;
			files = (
				F52B89481FC98DC0009D470E /* Split_ApplicationUITests.m in Sources */,
			);
			runOnlyForDeploymentPostprocessing = 0;
		};
/* End PBXSourcesBuildPhase section */

/* Begin PBXTargetDependency section */
		F52B893A1FC98DC0009D470E /* PBXTargetDependency */ = {
			isa = PBXTargetDependency;
			target = F52B891C1FC98DC0009D470E /* Split_Application */;
			targetProxy = F52B89391FC98DC0009D470E /* PBXContainerItemProxy */;
		};
		F52B89451FC98DC0009D470E /* PBXTargetDependency */ = {
			isa = PBXTargetDependency;
			target = F52B891C1FC98DC0009D470E /* Split_Application */;
			targetProxy = F52B89441FC98DC0009D470E /* PBXContainerItemProxy */;
		};
/* End PBXTargetDependency section */

/* Begin PBXVariantGroup section */
		F52B89291FC98DC0009D470E /* Main.storyboard */ = {
			isa = PBXVariantGroup;
			children = (
				F52B892A1FC98DC0009D470E /* Base */,
			);
			name = Main.storyboard;
			sourceTree = "<group>";
		};
		F52B892E1FC98DC0009D470E /* LaunchScreen.storyboard */ = {
			isa = PBXVariantGroup;
			children = (
				F52B892F1FC98DC0009D470E /* Base */,
			);
			name = LaunchScreen.storyboard;
			sourceTree = "<group>";
		};
/* End PBXVariantGroup section */

/* Begin XCBuildConfiguration section */
		F52B894A1FC98DC0009D470E /* Debug */ = {
			isa = XCBuildConfiguration;
			buildSettings = {
				ALWAYS_SEARCH_USER_PATHS = NO;
				CLANG_ANALYZER_NONNULL = YES;
				CLANG_ANALYZER_NUMBER_OBJECT_CONVERSION = YES_AGGRESSIVE;
				CLANG_CXX_LANGUAGE_STANDARD = "gnu++14";
				CLANG_CXX_LIBRARY = "libc++";
				CLANG_ENABLE_MODULES = YES;
				CLANG_ENABLE_OBJC_ARC = YES;
				CLANG_WARN_BLOCK_CAPTURE_AUTORELEASING = YES;
				CLANG_WARN_BOOL_CONVERSION = YES;
				CLANG_WARN_COMMA = YES;
				CLANG_WARN_CONSTANT_CONVERSION = YES;
				CLANG_WARN_DIRECT_OBJC_ISA_USAGE = YES_ERROR;
				CLANG_WARN_DOCUMENTATION_COMMENTS = YES;
				CLANG_WARN_EMPTY_BODY = YES;
				CLANG_WARN_ENUM_CONVERSION = YES;
				CLANG_WARN_INFINITE_RECURSION = YES;
				CLANG_WARN_INT_CONVERSION = YES;
				CLANG_WARN_NON_LITERAL_NULL_CONVERSION = YES;
				CLANG_WARN_OBJC_LITERAL_CONVERSION = YES;
				CLANG_WARN_OBJC_ROOT_CLASS = YES_ERROR;
				CLANG_WARN_RANGE_LOOP_ANALYSIS = YES;
				CLANG_WARN_STRICT_PROTOTYPES = YES;
				CLANG_WARN_SUSPICIOUS_MOVE = YES;
				CLANG_WARN_UNGUARDED_AVAILABILITY = YES_AGGRESSIVE;
				CLANG_WARN_UNREACHABLE_CODE = YES;
				CLANG_WARN__DUPLICATE_METHOD_MATCH = YES;
				CODE_SIGN_IDENTITY = "iPhone Developer";
				COPY_PHASE_STRIP = NO;
				DEBUG_INFORMATION_FORMAT = dwarf;
				ENABLE_STRICT_OBJC_MSGSEND = YES;
				ENABLE_TESTABILITY = YES;
				GCC_C_LANGUAGE_STANDARD = gnu11;
				GCC_DYNAMIC_NO_PIC = NO;
				GCC_NO_COMMON_BLOCKS = YES;
				GCC_OPTIMIZATION_LEVEL = 0;
				GCC_PREPROCESSOR_DEFINITIONS = (
					"DEBUG=1",
					"$(inherited)",
				);
				GCC_WARN_64_TO_32_BIT_CONVERSION = YES;
				GCC_WARN_ABOUT_RETURN_TYPE = YES_ERROR;
				GCC_WARN_UNDECLARED_SELECTOR = YES;
				GCC_WARN_UNINITIALIZED_AUTOS = YES_AGGRESSIVE;
				GCC_WARN_UNUSED_FUNCTION = YES;
				GCC_WARN_UNUSED_VARIABLE = YES;
				IPHONEOS_DEPLOYMENT_TARGET = 11.1;
				MTL_ENABLE_DEBUG_INFO = YES;
				ONLY_ACTIVE_ARCH = YES;
				SDKROOT = iphoneos;
			};
			name = Debug;
		};
		F52B894B1FC98DC0009D470E /* Release */ = {
			isa = XCBuildConfiguration;
			buildSettings = {
				ALWAYS_SEARCH_USER_PATHS = NO;
				CLANG_ANALYZER_NONNULL = YES;
				CLANG_ANALYZER_NUMBER_OBJECT_CONVERSION = YES_AGGRESSIVE;
				CLANG_CXX_LANGUAGE_STANDARD = "gnu++14";
				CLANG_CXX_LIBRARY = "libc++";
				CLANG_ENABLE_MODULES = YES;
				CLANG_ENABLE_OBJC_ARC = YES;
				CLANG_WARN_BLOCK_CAPTURE_AUTORELEASING = YES;
				CLANG_WARN_BOOL_CONVERSION = YES;
				CLANG_WARN_COMMA = YES;
				CLANG_WARN_CONSTANT_CONVERSION = YES;
				CLANG_WARN_DIRECT_OBJC_ISA_USAGE = YES_ERROR;
				CLANG_WARN_DOCUMENTATION_COMMENTS = YES;
				CLANG_WARN_EMPTY_BODY = YES;
				CLANG_WARN_ENUM_CONVERSION = YES;
				CLANG_WARN_INFINITE_RECURSION = YES;
				CLANG_WARN_INT_CONVERSION = YES;
				CLANG_WARN_NON_LITERAL_NULL_CONVERSION = YES;
				CLANG_WARN_OBJC_LITERAL_CONVERSION = YES;
				CLANG_WARN_OBJC_ROOT_CLASS = YES_ERROR;
				CLANG_WARN_RANGE_LOOP_ANALYSIS = YES;
				CLANG_WARN_STRICT_PROTOTYPES = YES;
				CLANG_WARN_SUSPICIOUS_MOVE = YES;
				CLANG_WARN_UNGUARDED_AVAILABILITY = YES_AGGRESSIVE;
				CLANG_WARN_UNREACHABLE_CODE = YES;
				CLANG_WARN__DUPLICATE_METHOD_MATCH = YES;
				CODE_SIGN_IDENTITY = "iPhone Developer";
				COPY_PHASE_STRIP = NO;
				DEBUG_INFORMATION_FORMAT = "dwarf-with-dsym";
				ENABLE_NS_ASSERTIONS = NO;
				ENABLE_STRICT_OBJC_MSGSEND = YES;
				GCC_C_LANGUAGE_STANDARD = gnu11;
				GCC_NO_COMMON_BLOCKS = YES;
				GCC_WARN_64_TO_32_BIT_CONVERSION = YES;
				GCC_WARN_ABOUT_RETURN_TYPE = YES_ERROR;
				GCC_WARN_UNDECLARED_SELECTOR = YES;
				GCC_WARN_UNINITIALIZED_AUTOS = YES_AGGRESSIVE;
				GCC_WARN_UNUSED_FUNCTION = YES;
				GCC_WARN_UNUSED_VARIABLE = YES;
				IPHONEOS_DEPLOYMENT_TARGET = 11.1;
				MTL_ENABLE_DEBUG_INFO = NO;
				SDKROOT = iphoneos;
				VALIDATE_PRODUCT = YES;
			};
			name = Release;
		};
		F52B894D1FC98DC0009D470E /* Debug */ = {
			isa = XCBuildConfiguration;
			buildSettings = {
				ASSETCATALOG_COMPILER_APPICON_NAME = AppIcon;
				CODE_SIGN_STYLE = Automatic;
				INFOPLIST_FILE = Split_Application/Info.plist;
				LD_RUNPATH_SEARCH_PATHS = "$(inherited) @executable_path/Frameworks";
				PRODUCT_BUNDLE_IDENTIFIER = "ac.uk.leeds.Split-Application";
				PRODUCT_NAME = "$(TARGET_NAME)";
				TARGETED_DEVICE_FAMILY = "1,2";
			};
			name = Debug;
		};
		F52B894E1FC98DC0009D470E /* Release */ = {
			isa = XCBuildConfiguration;
			buildSettings = {
				ASSETCATALOG_COMPILER_APPICON_NAME = AppIcon;
				CODE_SIGN_STYLE = Automatic;
				INFOPLIST_FILE = Split_Application/Info.plist;
				LD_RUNPATH_SEARCH_PATHS = "$(inherited) @executable_path/Frameworks";
				PRODUCT_BUNDLE_IDENTIFIER = "ac.uk.leeds.Split-Application";
				PRODUCT_NAME = "$(TARGET_NAME)";
				TARGETED_DEVICE_FAMILY = "1,2";
			};
			name = Release;
		};
		F52B89501FC98DC0009D470E /* Debug */ = {
			isa = XCBuildConfiguration;
			buildSettings = {
				BUNDLE_LOADER = "$(TEST_HOST)";
				CODE_SIGN_STYLE = Automatic;
				INFOPLIST_FILE = Split_ApplicationTests/Info.plist;
				LD_RUNPATH_SEARCH_PATHS = "$(inherited) @executable_path/Frameworks @loader_path/Frameworks";
				PRODUCT_BUNDLE_IDENTIFIER = "ac.uk.leeds.Split-ApplicationTests";
				PRODUCT_NAME = "$(TARGET_NAME)";
				TARGETED_DEVICE_FAMILY = "1,2";
				TEST_HOST = "$(BUILT_PRODUCTS_DIR)/Split_Application.app/Split_Application";
			};
			name = Debug;
		};
		F52B89511FC98DC0009D470E /* Release */ = {
			isa = XCBuildConfiguration;
			buildSettings = {
				BUNDLE_LOADER = "$(TEST_HOST)";
				CODE_SIGN_STYLE = Automatic;
				INFOPLIST_FILE = Split_ApplicationTests/Info.plist;
				LD_RUNPATH_SEARCH_PATHS = "$(inherited) @executable_path/Frameworks @loader_path/Frameworks";
				PRODUCT_BUNDLE_IDENTIFIER = "ac.uk.leeds.Split-ApplicationTests";
				PRODUCT_NAME = "$(TARGET_NAME)";
				TARGETED_DEVICE_FAMILY = "1,2";
				TEST_HOST = "$(BUILT_PRODUCTS_DIR)/Split_Application.app/Split_Application";
			};
			name = Release;
		};
		F52B89531FC98DC0009D470E /* Debug */ = {
			isa = XCBuildConfiguration;
			buildSettings = {
				CODE_SIGN_STYLE = Automatic;
				INFOPLIST_FILE = Split_ApplicationUITests/Info.plist;
				LD_RUNPATH_SEARCH_PATHS = "$(inherited) @executable_path/Frameworks @loader_path/Frameworks";
				PRODUCT_BUNDLE_IDENTIFIER = "ac.uk.leeds.Split-ApplicationUITests";
				PRODUCT_NAME = "$(TARGET_NAME)";
				TARGETED_DEVICE_FAMILY = "1,2";
				TEST_TARGET_NAME = Split_Application;
			};
			name = Debug;
		};
		F52B89541FC98DC0009D470E /* Release */ = {
			isa = XCBuildConfiguration;
			buildSettings = {
				CODE_SIGN_STYLE = Automatic;
				INFOPLIST_FILE = Split_ApplicationUITests/Info.plist;
				LD_RUNPATH_SEARCH_PATHS = "$(inherited) @executable_path/Frameworks @loader_path/Frameworks";
				PRODUCT_BUNDLE_IDENTIFIER = "ac.uk.leeds.Split-ApplicationUITests";
				PRODUCT_NAME = "$(TARGET_NAME)";
				TARGETED_DEVICE_FAMILY = "1,2";
				TEST_TARGET_NAME = Split_Application;
			};
			name = Release;
		};
/* End XCBuildConfiguration section */

/* Begin XCConfigurationList section */
		F52B89181FC98DBF009D470E /* Build configuration list for PBXProject "Split_Application" */ = {
			isa = XCConfigurationList;
			buildConfigurations = (
				F52B894A1FC98DC0009D470E /* Debug */,
				F52B894B1FC98DC0009D470E /* Release */,
			);
			defaultConfigurationIsVisible = 0;
			defaultConfigurationName = Release;
		};
		F52B894C1FC98DC0009D470E /* Build configuration list for PBXNativeTarget "Split_Application" */ = {
			isa = XCConfigurationList;
			buildConfigurations = (
				F52B894D1FC98DC0009D470E /* Debug */,
				F52B894E1FC98DC0009D470E /* Release */,
			);
			defaultConfigurationIsVisible = 0;
			defaultConfigurationName = Release;
		};
		F52B894F1FC98DC0009D470E /* Build configuration list for PBXNativeTarget "Split_ApplicationTests" */ = {
			isa = XCConfigurationList;
			buildConfigurations = (
				F52B89501FC98DC0009D470E /* Debug */,
				F52B89511FC98DC0009D470E /* Release */,
			);
			defaultConfigurationIsVisible = 0;
			defaultConfigurationName = Release;
		};
		F52B89521FC98DC0009D470E /* Build configuration list for PBXNativeTarget "Split_ApplicationUITests" */ = {
			isa = XCConfigurationList;
			buildConfigurations = (
				F52B89531FC98DC0009D470E /* Debug */,
				F52B89541FC98DC0009D470E /* Release */,
			);
			defaultConfigurationIsVisible = 0;
			defaultConfigurationName = Release;
		};
/* End XCConfigurationList section */
	};
	rootObject = F52B89151FC98DBF009D470E /* Project object */;
}
